// !$*UTF8*$!
{
	archiveVersion = 1;
	classes = {
	};
	objectVersion = 51;
	objects = {

/* Begin PBXBuildFile section */
		24143B0781298D023B19D76C /* Pods_ejemplo1.framework in Frameworks */ = {isa = PBXBuildFile; fileRef = F45528B119EE88BDB33B6F76 /* Pods_ejemplo1.framework */; };
		71B8477924304E0A00A191FD /* MainController.swift in Sources */ = {isa = PBXBuildFile; fileRef = 71B8477824304E0A00A191FD /* MainController.swift */; };
		71B8477B24304E1B00A191FD /* RegisterController.swift in Sources */ = {isa = PBXBuildFile; fileRef = 71B8477A24304E1B00A191FD /* RegisterController.swift */; };
		71B8477D24304E2500A191FD /* ListController.swift in Sources */ = {isa = PBXBuildFile; fileRef = 71B8477C24304E2500A191FD /* ListController.swift */; };
		71B8477F243134CD00A191FD /* ApiServiceV2.swift in Sources */ = {isa = PBXBuildFile; fileRef = 71B8477E243134CD00A191FD /* ApiServiceV2.swift */; };
		71C02B7E24354B9900CA1247 /* PersonDto.swift in Sources */ = {isa = PBXBuildFile; fileRef = 71C02B7D24354B9900CA1247 /* PersonDto.swift */; };
		71FFCF41242D660C00FC553F /* AppDelegate.swift in Sources */ = {isa = PBXBuildFile; fileRef = 71FFCF40242D660C00FC553F /* AppDelegate.swift */; };
		71FFCF43242D660C00FC553F /* SceneDelegate.swift in Sources */ = {isa = PBXBuildFile; fileRef = 71FFCF42242D660C00FC553F /* SceneDelegate.swift */; };
		71FFCF4A242D660E00FC553F /* Assets.xcassets in Resources */ = {isa = PBXBuildFile; fileRef = 71FFCF49242D660E00FC553F /* Assets.xcassets */; };
		71FFCF4D242D660E00FC553F /* LaunchScreen.storyboard in Resources */ = {isa = PBXBuildFile; fileRef = 71FFCF4B242D660E00FC553F /* LaunchScreen.storyboard */; };
		71FFCF56242D684400FC553F /* StatusCode.swift in Sources */ = {isa = PBXBuildFile; fileRef = 71FFCF55242D684400FC553F /* StatusCode.swift */; };
		71FFCF59242D687500FC553F /* Extension.swift in Sources */ = {isa = PBXBuildFile; fileRef = 71FFCF58242D687500FC553F /* Extension.swift */; };
		71FFCF5C242D6A3000FC553F /* Util.swift in Sources */ = {isa = PBXBuildFile; fileRef = 71FFCF5B242D6A3000FC553F /* Util.swift */; };
		71FFCF5F242D6AFE00FC553F /* ApiConstant.swift in Sources */ = {isa = PBXBuildFile; fileRef = 71FFCF5E242D6AFE00FC553F /* ApiConstant.swift */; };
		71FFCF61242D6B1900FC553F /* ApiService.swift in Sources */ = {isa = PBXBuildFile; fileRef = 71FFCF60242D6B1900FC553F /* ApiService.swift */; };
		71FFCF63242D6B2500FC553F /* ApiDeserializer.swift in Sources */ = {isa = PBXBuildFile; fileRef = 71FFCF62242D6B2500FC553F /* ApiDeserializer.swift */; };
		71FFCF66242D6B6100FC553F /* Pageable.swift in Sources */ = {isa = PBXBuildFile; fileRef = 71FFCF65242D6B6100FC553F /* Pageable.swift */; };
		71FFCF69242D7AAA00FC553F /* Person.swift in Sources */ = {isa = PBXBuildFile; fileRef = 71FFCF68242D7AAA00FC553F /* Person.swift */; };
		71FFCF6B242D902900FC553F /* Person.storyboard in Resources */ = {isa = PBXBuildFile; fileRef = 71FFCF6A242D902900FC553F /* Person.storyboard */; };
/* End PBXBuildFile section */

/* Begin PBXFileReference section */
		71B8477824304E0A00A191FD /* MainController.swift */ = {isa = PBXFileReference; lastKnownFileType = sourcecode.swift; path = MainController.swift; sourceTree = "<group>"; };
		71B8477A24304E1B00A191FD /* RegisterController.swift */ = {isa = PBXFileReference; lastKnownFileType = sourcecode.swift; path = RegisterController.swift; sourceTree = "<group>"; };
		71B8477C24304E2500A191FD /* ListController.swift */ = {isa = PBXFileReference; lastKnownFileType = sourcecode.swift; path = ListController.swift; sourceTree = "<group>"; };
		71B8477E243134CD00A191FD /* ApiServiceV2.swift */ = {isa = PBXFileReference; lastKnownFileType = sourcecode.swift; path = ApiServiceV2.swift; sourceTree = "<group>"; };
		71C02B7D24354B9900CA1247 /* PersonDto.swift */ = {isa = PBXFileReference; lastKnownFileType = sourcecode.swift; path = PersonDto.swift; sourceTree = "<group>"; };
		71FFCF3D242D660C00FC553F /* ejemplo1.app */ = {isa = PBXFileReference; explicitFileType = wrapper.application; includeInIndex = 0; path = ejemplo1.app; sourceTree = BUILT_PRODUCTS_DIR; };
		71FFCF40242D660C00FC553F /* AppDelegate.swift */ = {isa = PBXFileReference; lastKnownFileType = sourcecode.swift; path = AppDelegate.swift; sourceTree = "<group>"; };
		71FFCF42242D660C00FC553F /* SceneDelegate.swift */ = {isa = PBXFileReference; lastKnownFileType = sourcecode.swift; path = SceneDelegate.swift; sourceTree = "<group>"; };
		71FFCF49242D660E00FC553F /* Assets.xcassets */ = {isa = PBXFileReference; lastKnownFileType = folder.assetcatalog; path = Assets.xcassets; sourceTree = "<group>"; };
		71FFCF4C242D660E00FC553F /* Base */ = {isa = PBXFileReference; lastKnownFileType = file.storyboard; name = Base; path = Base.lproj/LaunchScreen.storyboard; sourceTree = "<group>"; };
		71FFCF4E242D660E00FC553F /* Info.plist */ = {isa = PBXFileReference; lastKnownFileType = text.plist.xml; path = Info.plist; sourceTree = "<group>"; };
		71FFCF55242D684400FC553F /* StatusCode.swift */ = {isa = PBXFileReference; lastKnownFileType = sourcecode.swift; path = StatusCode.swift; sourceTree = "<group>"; };
		71FFCF58242D687500FC553F /* Extension.swift */ = {isa = PBXFileReference; lastKnownFileType = sourcecode.swift; path = Extension.swift; sourceTree = "<group>"; };
		71FFCF5B242D6A3000FC553F /* Util.swift */ = {isa = PBXFileReference; lastKnownFileType = sourcecode.swift; path = Util.swift; sourceTree = "<group>"; };
		71FFCF5E242D6AFE00FC553F /* ApiConstant.swift */ = {isa = PBXFileReference; lastKnownFileType = sourcecode.swift; path = ApiConstant.swift; sourceTree = "<group>"; };
		71FFCF60242D6B1900FC553F /* ApiService.swift */ = {isa = PBXFileReference; lastKnownFileType = sourcecode.swift; path = ApiService.swift; sourceTree = "<group>"; };
		71FFCF62242D6B2500FC553F /* ApiDeserializer.swift */ = {isa = PBXFileReference; lastKnownFileType = sourcecode.swift; path = ApiDeserializer.swift; sourceTree = "<group>"; };
		71FFCF65242D6B6100FC553F /* Pageable.swift */ = {isa = PBXFileReference; lastKnownFileType = sourcecode.swift; path = Pageable.swift; sourceTree = "<group>"; };
		71FFCF68242D7AAA00FC553F /* Person.swift */ = {isa = PBXFileReference; lastKnownFileType = sourcecode.swift; path = Person.swift; sourceTree = "<group>"; };
		71FFCF6A242D902900FC553F /* Person.storyboard */ = {isa = PBXFileReference; lastKnownFileType = file.storyboard; path = Person.storyboard; sourceTree = "<group>"; };
		B1D1C3E826A21DB18FB062D0 /* Pods-ejemplo1.debug.xcconfig */ = {isa = PBXFileReference; includeInIndex = 1; lastKnownFileType = text.xcconfig; name = "Pods-ejemplo1.debug.xcconfig"; path = "Target Support Files/Pods-ejemplo1/Pods-ejemplo1.debug.xcconfig"; sourceTree = "<group>"; };
		C9A96DA43D0018D17F38D12F /* Pods-ejemplo1.release.xcconfig */ = {isa = PBXFileReference; includeInIndex = 1; lastKnownFileType = text.xcconfig; name = "Pods-ejemplo1.release.xcconfig"; path = "Target Support Files/Pods-ejemplo1/Pods-ejemplo1.release.xcconfig"; sourceTree = "<group>"; };
		F45528B119EE88BDB33B6F76 /* Pods_ejemplo1.framework */ = {isa = PBXFileReference; explicitFileType = wrapper.framework; includeInIndex = 0; path = Pods_ejemplo1.framework; sourceTree = BUILT_PRODUCTS_DIR; };
/* End PBXFileReference section */

/* Begin PBXFrameworksBuildPhase section */
		71FFCF3A242D660C00FC553F /* Frameworks */ = {
			isa = PBXFrameworksBuildPhase;
			buildActionMask = 2147483647;
			files = (
				24143B0781298D023B19D76C /* Pods_ejemplo1.framework in Frameworks */,
			);
			runOnlyForDeploymentPostprocessing = 0;
		};
/* End PBXFrameworksBuildPhase section */

/* Begin PBXGroup section */
		71C02B7C24354B8700CA1247 /* dto */ = {
			isa = PBXGroup;
			children = (
				71C02B7D24354B9900CA1247 /* PersonDto.swift */,
			);
			path = dto;
			sourceTree = "<group>";
		};
		71FFCF34242D660C00FC553F = {
			isa = PBXGroup;
			children = (
				71FFCF3F242D660C00FC553F /* ejemplo1 */,
				71FFCF3E242D660C00FC553F /* Products */,
				8C7056A045B8C328B65D30BB /* Pods */,
				C4600A37C9EE2F24D42051C3 /* Frameworks */,
			);
			sourceTree = "<group>";
		};
		71FFCF3E242D660C00FC553F /* Products */ = {
			isa = PBXGroup;
			children = (
				71FFCF3D242D660C00FC553F /* ejemplo1.app */,
			);
			name = Products;
			sourceTree = "<group>";
		};
		71FFCF3F242D660C00FC553F /* ejemplo1 */ = {
			isa = PBXGroup;
			children = (
				71FFCF6C242D95E300FC553F /* controller */,
				71FFCF67242D6CA200FC553F /* storyboard */,
				71FFCF5D242D6ADC00FC553F /* api */,
				71FFCF5A242D6A2900FC553F /* util */,
				71FFCF57242D686A00FC553F /* extension */,
				71FFCF54242D683600FC553F /* enum */,
				71FFCF40242D660C00FC553F /* AppDelegate.swift */,
				71FFCF42242D660C00FC553F /* SceneDelegate.swift */,
				71FFCF49242D660E00FC553F /* Assets.xcassets */,
				71FFCF4B242D660E00FC553F /* LaunchScreen.storyboard */,
				71FFCF4E242D660E00FC553F /* Info.plist */,
			);
			path = ejemplo1;
			sourceTree = "<group>";
		};
		71FFCF54242D683600FC553F /* enum */ = {
			isa = PBXGroup;
			children = (
				71FFCF55242D684400FC553F /* StatusCode.swift */,
			);
			path = enum;
			sourceTree = "<group>";
		};
		71FFCF57242D686A00FC553F /* extension */ = {
			isa = PBXGroup;
			children = (
				71FFCF58242D687500FC553F /* Extension.swift */,
			);
			path = extension;
			sourceTree = "<group>";
		};
		71FFCF5A242D6A2900FC553F /* util */ = {
			isa = PBXGroup;
			children = (
				71FFCF5B242D6A3000FC553F /* Util.swift */,
			);
			path = util;
			sourceTree = "<group>";
		};
		71FFCF5D242D6ADC00FC553F /* api */ = {
			isa = PBXGroup;
			children = (
				71C02B7C24354B8700CA1247 /* dto */,
				71FFCF64242D6B5000FC553F /* model */,
				71FFCF5E242D6AFE00FC553F /* ApiConstant.swift */,
				71FFCF60242D6B1900FC553F /* ApiService.swift */,
				71FFCF62242D6B2500FC553F /* ApiDeserializer.swift */,
				71B8477E243134CD00A191FD /* ApiServiceV2.swift */,
			);
			path = api;
			sourceTree = "<group>";
		};
		71FFCF64242D6B5000FC553F /* model */ = {
			isa = PBXGroup;
			children = (
				71FFCF65242D6B6100FC553F /* Pageable.swift */,
				71FFCF68242D7AAA00FC553F /* Person.swift */,
			);
			path = model;
			sourceTree = "<group>";
		};
		71FFCF67242D6CA200FC553F /* storyboard */ = {
			isa = PBXGroup;
			children = (
				71FFCF6A242D902900FC553F /* Person.storyboard */,
			);
			path = storyboard;
			sourceTree = "<group>";
		};
		71FFCF6C242D95E300FC553F /* controller */ = {
			isa = PBXGroup;
			children = (
				71B8477824304E0A00A191FD /* MainController.swift */,
				71B8477A24304E1B00A191FD /* RegisterController.swift */,
				71B8477C24304E2500A191FD /* ListController.swift */,
			);
			path = controller;
			sourceTree = "<group>";
		};
		8C7056A045B8C328B65D30BB /* Pods */ = {
			isa = PBXGroup;
			children = (
				B1D1C3E826A21DB18FB062D0 /* Pods-ejemplo1.debug.xcconfig */,
				C9A96DA43D0018D17F38D12F /* Pods-ejemplo1.release.xcconfig */,
			);
			path = Pods;
			sourceTree = "<group>";
		};
		C4600A37C9EE2F24D42051C3 /* Frameworks */ = {
			isa = PBXGroup;
			children = (
				F45528B119EE88BDB33B6F76 /* Pods_ejemplo1.framework */,
			);
			name = Frameworks;
			sourceTree = "<group>";
		};
/* End PBXGroup section */

/* Begin PBXNativeTarget section */
		71FFCF3C242D660C00FC553F /* ejemplo1 */ = {
			isa = PBXNativeTarget;
			buildConfigurationList = 71FFCF51242D660E00FC553F /* Build configuration list for PBXNativeTarget "ejemplo1" */;
			buildPhases = (
				A54FD47F0BD749FAE6A9EAD0 /* [CP] Check Pods Manifest.lock */,
				71FFCF39242D660C00FC553F /* Sources */,
				71FFCF3A242D660C00FC553F /* Frameworks */,
				71FFCF3B242D660C00FC553F /* Resources */,
				17D44F75F34ECCF3DAED1C6E /* [CP] Embed Pods Frameworks */,
			);
			buildRules = (
			);
			dependencies = (
			);
			name = ejemplo1;
			productName = ejemplo1;
			productReference = 71FFCF3D242D660C00FC553F /* ejemplo1.app */;
			productType = "com.apple.product-type.application";
		};
/* End PBXNativeTarget section */

/* Begin PBXProject section */
		71FFCF35242D660C00FC553F /* Project object */ = {
			isa = PBXProject;
			attributes = {
				LastSwiftUpdateCheck = 1120;
				LastUpgradeCheck = 1120;
				ORGANIZATIONNAME = "Jeferson Cieza";
				TargetAttributes = {
					71FFCF3C242D660C00FC553F = {
						CreatedOnToolsVersion = 11.2.1;
					};
				};
			};
			buildConfigurationList = 71FFCF38242D660C00FC553F /* Build configuration list for PBXProject "ejemplo1" */;
			compatibilityVersion = "Xcode 9.3";
			developmentRegion = en;
			hasScannedForEncodings = 0;
			knownRegions = (
				en,
				Base,
			);
			mainGroup = 71FFCF34242D660C00FC553F;
			productRefGroup = 71FFCF3E242D660C00FC553F /* Products */;
			projectDirPath = "";
			projectRoot = "";
			targets = (
				71FFCF3C242D660C00FC553F /* ejemplo1 */,
			);
		};
/* End PBXProject section */

/* Begin PBXResourcesBuildPhase section */
		71FFCF3B242D660C00FC553F /* Resources */ = {
			isa = PBXResourcesBuildPhase;
			buildActionMask = 2147483647;
			files = (
				71FFCF4D242D660E00FC553F /* LaunchScreen.storyboard in Resources */,
				71FFCF4A242D660E00FC553F /* Assets.xcassets in Resources */,
				71FFCF6B242D902900FC553F /* Person.storyboard in Resources */,
			);
			runOnlyForDeploymentPostprocessing = 0;
		};
/* End PBXResourcesBuildPhase section */

/* Begin PBXShellScriptBuildPhase section */
		17D44F75F34ECCF3DAED1C6E /* [CP] Embed Pods Frameworks */ = {
			isa = PBXShellScriptBuildPhase;
			buildActionMask = 2147483647;
			files = (
			);
			inputFileListPaths = (
				"${PODS_ROOT}/Target Support Files/Pods-ejemplo1/Pods-ejemplo1-frameworks-${CONFIGURATION}-input-files.xcfilelist",
			);
			name = "[CP] Embed Pods Frameworks";
			outputFileListPaths = (
				"${PODS_ROOT}/Target Support Files/Pods-ejemplo1/Pods-ejemplo1-frameworks-${CONFIGURATION}-output-files.xcfilelist",
			);
			runOnlyForDeploymentPostprocessing = 0;
			shellPath = /bin/sh;
			shellScript = "\"${PODS_ROOT}/Target Support Files/Pods-ejemplo1/Pods-ejemplo1-frameworks.sh\"\n";
			showEnvVarsInLog = 0;
		};
		A54FD47F0BD749FAE6A9EAD0 /* [CP] Check Pods Manifest.lock */ = {
			isa = PBXShellScriptBuildPhase;
			buildActionMask = 2147483647;
			files = (
			);
			inputFileListPaths = (
			);
			inputPaths = (
				"${PODS_PODFILE_DIR_PATH}/Podfile.lock",
				"${PODS_ROOT}/Manifest.lock",
			);
			name = "[CP] Check Pods Manifest.lock";
			outputFileListPaths = (
			);
			outputPaths = (
				"$(DERIVED_FILE_DIR)/Pods-ejemplo1-checkManifestLockResult.txt",
			);
			runOnlyForDeploymentPostprocessing = 0;
			shellPath = /bin/sh;
			shellScript = "diff \"${PODS_PODFILE_DIR_PATH}/Podfile.lock\" \"${PODS_ROOT}/Manifest.lock\" > /dev/null\nif [ $? != 0 ] ; then\n    # print error to STDERR\n    echo \"error: The sandbox is not in sync with the Podfile.lock. Run 'pod install' or update your CocoaPods installation.\" >&2\n    exit 1\nfi\n# This output is used by Xcode 'outputs' to avoid re-running this script phase.\necho \"SUCCESS\" > \"${SCRIPT_OUTPUT_FILE_0}\"\n";
			showEnvVarsInLog = 0;
		};
/* End PBXShellScriptBuildPhase section */

/* Begin PBXSourcesBuildPhase section */
		71FFCF39242D660C00FC553F /* Sources */ = {
			isa = PBXSourcesBuildPhase;
			buildActionMask = 2147483647;
			files = (
				71FFCF59242D687500FC553F /* Extension.swift in Sources */,
				71FFCF5F242D6AFE00FC553F /* ApiConstant.swift in Sources */,
				71B8477F243134CD00A191FD /* ApiServiceV2.swift in Sources */,
				71FFCF5C242D6A3000FC553F /* Util.swift in Sources */,
				71FFCF63242D6B2500FC553F /* ApiDeserializer.swift in Sources */,
				71B8477D24304E2500A191FD /* ListController.swift in Sources */,
				71FFCF69242D7AAA00FC553F /* Person.swift in Sources */,
				71FFCF66242D6B6100FC553F /* Pageable.swift in Sources */,
				71FFCF41242D660C00FC553F /* AppDelegate.swift in Sources */,
				71B8477924304E0A00A191FD /* MainController.swift in Sources */,
				71B8477B24304E1B00A191FD /* RegisterController.swift in Sources */,
				71FFCF56242D684400FC553F /* StatusCode.swift in Sources */,
				71FFCF61242D6B1900FC553F /* ApiService.swift in Sources */,
				71FFCF43242D660C00FC553F /* SceneDelegate.swift in Sources */,
				71C02B7E24354B9900CA1247 /* PersonDto.swift in Sources */,
			);
			runOnlyForDeploymentPostprocessing = 0;
		};
/* End PBXSourcesBuildPhase section */

/* Begin PBXVariantGroup section */
		71FFCF4B242D660E00FC553F /* LaunchScreen.storyboard */ = {
			isa = PBXVariantGroup;
			children = (
				71FFCF4C242D660E00FC553F /* Base */,
			);
			name = LaunchScreen.storyboard;
			sourceTree = "<group>";
		};
/* End PBXVariantGroup section */

/* Begin XCBuildConfiguration section */
		71FFCF4F242D660E00FC553F /* Debug */ = {
			isa = XCBuildConfiguration;
			buildSettings = {
				ALWAYS_SEARCH_USER_PATHS = NO;
				CLANG_ANALYZER_NONNULL = YES;
				CLANG_ANALYZER_NUMBER_OBJECT_CONVERSION = YES_AGGRESSIVE;
				CLANG_CXX_LANGUAGE_STANDARD = "gnu++14";
				CLANG_CXX_LIBRARY = "libc++";
				CLANG_ENABLE_MODULES = YES;
				CLANG_ENABLE_OBJC_ARC = YES;
				CLANG_ENABLE_OBJC_WEAK = YES;
				CLANG_WARN_BLOCK_CAPTURE_AUTORELEASING = YES;
				CLANG_WARN_BOOL_CONVERSION = YES;
				CLANG_WARN_COMMA = YES;
				CLANG_WARN_CONSTANT_CONVERSION = YES;
				CLANG_WARN_DEPRECATED_OBJC_IMPLEMENTATIONS = YES;
				CLANG_WARN_DIRECT_OBJC_ISA_USAGE = YES_ERROR;
				CLANG_WARN_DOCUMENTATION_COMMENTS = YES;
				CLANG_WARN_EMPTY_BODY = YES;
				CLANG_WARN_ENUM_CONVERSION = YES;
				CLANG_WARN_INFINITE_RECURSION = YES;
				CLANG_WARN_INT_CONVERSION = YES;
				CLANG_WARN_NON_LITERAL_NULL_CONVERSION = YES;
				CLANG_WARN_OBJC_IMPLICIT_RETAIN_SELF = YES;
				CLANG_WARN_OBJC_LITERAL_CONVERSION = YES;
				CLANG_WARN_OBJC_ROOT_CLASS = YES_ERROR;
				CLANG_WARN_RANGE_LOOP_ANALYSIS = YES;
				CLANG_WARN_STRICT_PROTOTYPES = YES;
				CLANG_WARN_SUSPICIOUS_MOVE = YES;
				CLANG_WARN_UNGUARDED_AVAILABILITY = YES_AGGRESSIVE;
				CLANG_WARN_UNREACHABLE_CODE = YES;
				CLANG_WARN__DUPLICATE_METHOD_MATCH = YES;
				COPY_PHASE_STRIP = NO;
				DEBUG_INFORMATION_FORMAT = dwarf;
				ENABLE_STRICT_OBJC_MSGSEND = YES;
				ENABLE_TESTABILITY = YES;
				GCC_C_LANGUAGE_STANDARD = gnu11;
				GCC_DYNAMIC_NO_PIC = NO;
				GCC_NO_COMMON_BLOCKS = YES;
				GCC_OPTIMIZATION_LEVEL = 0;
				GCC_PREPROCESSOR_DEFINITIONS = (
					"DEBUG=1",
					"$(inherited)",
				);
				GCC_WARN_64_TO_32_BIT_CONVERSION = YES;
				GCC_WARN_ABOUT_RETURN_TYPE = YES_ERROR;
				GCC_WARN_UNDECLARED_SELECTOR = YES;
				GCC_WARN_UNINITIALIZED_AUTOS = YES_AGGRESSIVE;
				GCC_WARN_UNUSED_FUNCTION = YES;
				GCC_WARN_UNUSED_VARIABLE = YES;
				IPHONEOS_DEPLOYMENT_TARGET = 13.2;
				MTL_ENABLE_DEBUG_INFO = INCLUDE_SOURCE;
				MTL_FAST_MATH = YES;
				ONLY_ACTIVE_ARCH = YES;
				SDKROOT = iphoneos;
				SWIFT_ACTIVE_COMPILATION_CONDITIONS = DEBUG;
				SWIFT_OPTIMIZATION_LEVEL = "-Onone";
			};
			name = Debug;
		};
		71FFCF50242D660E00FC553F /* Release */ = {
			isa = XCBuildConfiguration;
			buildSettings = {
				ALWAYS_SEARCH_USER_PATHS = NO;
				CLANG_ANALYZER_NONNULL = YES;
				CLANG_ANALYZER_NUMBER_OBJECT_CONVERSION = YES_AGGRESSIVE;
				CLANG_CXX_LANGUAGE_STANDARD = "gnu++14";
				CLANG_CXX_LIBRARY = "libc++";
				CLANG_ENABLE_MODULES = YES;
				CLANG_ENABLE_OBJC_ARC = YES;
				CLANG_ENABLE_OBJC_WEAK = YES;
				CLANG_WARN_BLOCK_CAPTURE_AUTORELEASING = YES;
				CLANG_WARN_BOOL_CONVERSION = YES;
				CLANG_WARN_COMMA = YES;
				CLANG_WARN_CONSTANT_CONVERSION = YES;
				CLANG_WARN_DEPRECATED_OBJC_IMPLEMENTATIONS = YES;
				CLANG_WARN_DIRECT_OBJC_ISA_USAGE = YES_ERROR;
				CLANG_WARN_DOCUMENTATION_COMMENTS = YES;
				CLANG_WARN_EMPTY_BODY = YES;
				CLANG_WARN_ENUM_CONVERSION = YES;
				CLANG_WARN_INFINITE_RECURSION = YES;
				CLANG_WARN_INT_CONVERSION = YES;
				CLANG_WARN_NON_LITERAL_NULL_CONVERSION = YES;
				CLANG_WARN_OBJC_IMPLICIT_RETAIN_SELF = YES;
				CLANG_WARN_OBJC_LITERAL_CONVERSION = YES;
				CLANG_WARN_OBJC_ROOT_CLASS = YES_ERROR;
				CLANG_WARN_RANGE_LOOP_ANALYSIS = YES;
				CLANG_WARN_STRICT_PROTOTYPES = YES;
				CLANG_WARN_SUSPICIOUS_MOVE = YES;
				CLANG_WARN_UNGUARDED_AVAILABILITY = YES_AGGRESSIVE;
				CLANG_WARN_UNREACHABLE_CODE = YES;
				CLANG_WARN__DUPLICATE_METHOD_MATCH = YES;
				COPY_PHASE_STRIP = NO;
				DEBUG_INFORMATION_FORMAT = "dwarf-with-dsym";
				ENABLE_NS_ASSERTIONS = NO;
				ENABLE_STRICT_OBJC_MSGSEND = YES;
				GCC_C_LANGUAGE_STANDARD = gnu11;
				GCC_NO_COMMON_BLOCKS = YES;
				GCC_WARN_64_TO_32_BIT_CONVERSION = YES;
				GCC_WARN_ABOUT_RETURN_TYPE = YES_ERROR;
				GCC_WARN_UNDECLARED_SELECTOR = YES;
				GCC_WARN_UNINITIALIZED_AUTOS = YES_AGGRESSIVE;
				GCC_WARN_UNUSED_FUNCTION = YES;
				GCC_WARN_UNUSED_VARIABLE = YES;
				IPHONEOS_DEPLOYMENT_TARGET = 13.2;
				MTL_ENABLE_DEBUG_INFO = NO;
				MTL_FAST_MATH = YES;
				SDKROOT = iphoneos;
				SWIFT_COMPILATION_MODE = wholemodule;
				SWIFT_OPTIMIZATION_LEVEL = "-O";
				VALIDATE_PRODUCT = YES;
			};
			name = Release;
		};
		71FFCF52242D660E00FC553F /* Debug */ = {
			isa = XCBuildConfiguration;
			baseConfigurationReference = B1D1C3E826A21DB18FB062D0 /* Pods-ejemplo1.debug.xcconfig */;
			buildSettings = {
				ASSETCATALOG_COMPILER_APPICON_NAME = AppIcon;
				CODE_SIGN_STYLE = Automatic;
				INFOPLIST_FILE = ejemplo1/Info.plist;
				LD_RUNPATH_SEARCH_PATHS = (
					"$(inherited)",
					"@executable_path/Frameworks",
				);
				PRODUCT_BUNDLE_IDENTIFIER = com.sudtechnologies.ejemplo1;
				PRODUCT_NAME = "$(TARGET_NAME)";
				SWIFT_VERSION = 5.0;
				TARGETED_DEVICE_FAMILY = 1;
			};
			name = Debug;
		};
		71FFCF53242D660E00FC553F /* Release */ = {
			isa = XCBuildConfiguration;
			baseConfigurationReference = C9A96DA43D0018D17F38D12F /* Pods-ejemplo1.release.xcconfig */;
			buildSettings = {
				ASSETCATALOG_COMPILER_APPICON_NAME = AppIcon;
				CODE_SIGN_STYLE = Automatic;
				INFOPLIST_FILE = ejemplo1/Info.plist;
				LD_RUNPATH_SEARCH_PATHS = (
					"$(inherited)",
					"@executable_path/Frameworks",
				);
				PRODUCT_BUNDLE_IDENTIFIER = com.sudtechnologies.ejemplo1;
				PRODUCT_NAME = "$(TARGET_NAME)";
				SWIFT_VERSION = 5.0;
				TARGETED_DEVICE_FAMILY = 1;
			};
			name = Release;
		};
/* End XCBuildConfiguration section */

/* Begin XCConfigurationList section */
		71FFCF38242D660C00FC553F /* Build configuration list for PBXProject "ejemplo1" */ = {
			isa = XCConfigurationList;
			buildConfigurations = (
				71FFCF4F242D660E00FC553F /* Debug */,
				71FFCF50242D660E00FC553F /* Release */,
			);
			defaultConfigurationIsVisible = 0;
			defaultConfigurationName = Release;
		};
		71FFCF51242D660E00FC553F /* Build configuration list for PBXNativeTarget "ejemplo1" */ = {
			isa = XCConfigurationList;
			buildConfigurations = (
				71FFCF52242D660E00FC553F /* Debug */,
				71FFCF53242D660E00FC553F /* Release */,
			);
			defaultConfigurationIsVisible = 0;
			defaultConfigurationName = Release;
		};
/* End XCConfigurationList section */
	};
	rootObject = 71FFCF35242D660C00FC553F /* Project object */;
}
